
Microsoft Visual Studio Solution File, Format Version 12.00
# Visual Studio 15
VisualStudioVersion = 15.0.28010.2046
MinimumVisualStudioVersion = 10.0.40219.1
Project("{FAE04EC0-301F-11D3-BF4B-00C04F79EFBC}") = "EisenVaultOutlookPlugin", "EisenVaultOutlookPlugin\EisenVaultOutlookPlugin.csproj", "{498AA284-8662-4E3D-9F60-BCF579F8DC20}"
EndProject
Project("{FAE04EC0-301F-11D3-BF4B-00C04F79EFBC}") = "EisenVaultOutlookPlugin.Data", "EisenVaultOutlookPlugin.Data\EisenVaultOutlookPlugin.Data.csproj", "{D742087D-6887-4E7E-96BF-471342E5FA87}"
EndProject
Project("{FAE04EC0-301F-11D3-BF4B-00C04F79EFBC}") = "EisenVaultOutlookPlugin.Test", "EisenVaultOutlookPlugin.Test\EisenVaultOutlookPlugin.Test.csproj", "{58416666-09FD-4033-BD10-D0A025BFF268}"
EndProject
Project("{54435603-DBB4-11D2-8724-00A0C9A8B90C}") = "EVOutllokPluginSetup", "EVOutllokPluginSetup\EVOutllokPluginSetup.vdproj", "{4C18A7FE-78AD-42D9-80B6-6D1975E2D964}"
EndProject
Global
	GlobalSection(SolutionConfigurationPlatforms) = preSolution
		CD_ROM|Any CPU = CD_ROM|Any CPU
		CD_ROM|x86 = CD_ROM|x86
		Debug|Any CPU = Debug|Any CPU
		Debug|x86 = Debug|x86
		DVD-5|Any CPU = DVD-5|Any CPU
		DVD-5|x86 = DVD-5|x86
		Release|Any CPU = Release|Any CPU
		Release|x86 = Release|x86
		SingleImage|Any CPU = SingleImage|Any CPU
		SingleImage|x86 = SingleImage|x86
	EndGlobalSection
	GlobalSection(ProjectConfigurationPlatforms) = postSolution
		{498AA284-8662-4E3D-9F60-BCF579F8DC20}.CD_ROM|Any CPU.ActiveCfg = Release|Any CPU
		{498AA284-8662-4E3D-9F60-BCF579F8DC20}.CD_ROM|Any CPU.Build.0 = Release|Any CPU
		{498AA284-8662-4E3D-9F60-BCF579F8DC20}.CD_ROM|x86.ActiveCfg = Debug|Any CPU
		{498AA284-8662-4E3D-9F60-BCF579F8DC20}.CD_ROM|x86.Build.0 = Debug|Any CPU
		{498AA284-8662-4E3D-9F60-BCF579F8DC20}.Debug|Any CPU.ActiveCfg = Debug|Any CPU
		{498AA284-8662-4E3D-9F60-BCF579F8DC20}.Debug|Any CPU.Build.0 = Debug|Any CPU
		{498AA284-8662-4E3D-9F60-BCF579F8DC20}.Debug|x86.ActiveCfg = Debug|Any CPU
		{498AA284-8662-4E3D-9F60-BCF579F8DC20}.Debug|x86.Build.0 = Debug|Any CPU
		{498AA284-8662-4E3D-9F60-BCF579F8DC20}.DVD-5|Any CPU.ActiveCfg = Debug|Any CPU
		{498AA284-8662-4E3D-9F60-BCF579F8DC20}.DVD-5|Any CPU.Build.0 = Debug|Any CPU
		{498AA284-8662-4E3D-9F60-BCF579F8DC20}.DVD-5|x86.ActiveCfg = Debug|Any CPU
		{498AA284-8662-4E3D-9F60-BCF579F8DC20}.DVD-5|x86.Build.0 = Debug|Any CPU
		{498AA284-8662-4E3D-9F60-BCF579F8DC20}.Release|Any CPU.ActiveCfg = Release|Any CPU
		{498AA284-8662-4E3D-9F60-BCF579F8DC20}.Release|Any CPU.Build.0 = Release|Any CPU
		{498AA284-8662-4E3D-9F60-BCF579F8DC20}.Release|x86.ActiveCfg = Release|Any CPU
		{498AA284-8662-4E3D-9F60-BCF579F8DC20}.Release|x86.Build.0 = Release|Any CPU
		{498AA284-8662-4E3D-9F60-BCF579F8DC20}.SingleImage|Any CPU.ActiveCfg = Release|Any CPU
		{498AA284-8662-4E3D-9F60-BCF579F8DC20}.SingleImage|Any CPU.Build.0 = Release|Any CPU
		{498AA284-8662-4E3D-9F60-BCF579F8DC20}.SingleImage|x86.ActiveCfg = Debug|Any CPU
		{498AA284-8662-4E3D-9F60-BCF579F8DC20}.SingleImage|x86.Build.0 = Debug|Any CPU
		{D742087D-6887-4E7E-96BF-471342E5FA87}.CD_ROM|Any CPU.ActiveCfg = Release|Any CPU
		{D742087D-6887-4E7E-96BF-471342E5FA87}.CD_ROM|Any CPU.Build.0 = Release|Any CPU
		{D742087D-6887-4E7E-96BF-471342E5FA87}.CD_ROM|x86.ActiveCfg = Debug|Any CPU
		{D742087D-6887-4E7E-96BF-471342E5FA87}.CD_ROM|x86.Build.0 = Debug|Any CPU
		{D742087D-6887-4E7E-96BF-471342E5FA87}.Debug|Any CPU.ActiveCfg = Debug|Any CPU
		{D742087D-6887-4E7E-96BF-471342E5FA87}.Debug|Any CPU.Build.0 = Debug|Any CPU
		{D742087D-6887-4E7E-96BF-471342E5FA87}.Debug|x86.ActiveCfg = Debug|Any CPU
		{D742087D-6887-4E7E-96BF-471342E5FA87}.Debug|x86.Build.0 = Debug|Any CPU
		{D742087D-6887-4E7E-96BF-471342E5FA87}.DVD-5|Any CPU.ActiveCfg = Debug|Any CPU
		{D742087D-6887-4E7E-96BF-471342E5FA87}.DVD-5|Any CPU.Build.0 = Debug|Any CPU
		{D742087D-6887-4E7E-96BF-471342E5FA87}.DVD-5|x86.ActiveCfg = Debug|Any CPU
		{D742087D-6887-4E7E-96BF-471342E5FA87}.DVD-5|x86.Build.0 = Debug|Any CPU
		{D742087D-6887-4E7E-96BF-471342E5FA87}.Release|Any CPU.ActiveCfg = Release|Any CPU
		{D742087D-6887-4E7E-96BF-471342E5FA87}.Release|Any CPU.Build.0 = Release|Any CPU
		{D742087D-6887-4E7E-96BF-471342E5FA87}.Release|x86.ActiveCfg = Release|Any CPU
		{D742087D-6887-4E7E-96BF-471342E5FA87}.Release|x86.Build.0 = Release|Any CPU
		{D742087D-6887-4E7E-96BF-471342E5FA87}.SingleImage|Any CPU.ActiveCfg = Release|Any CPU
		{D742087D-6887-4E7E-96BF-471342E5FA87}.SingleImage|Any CPU.Build.0 = Release|Any CPU
		{D742087D-6887-4E7E-96BF-471342E5FA87}.SingleImage|x86.ActiveCfg = Debug|Any CPU
		{D742087D-6887-4E7E-96BF-471342E5FA87}.SingleImage|x86.Build.0 = Debug|Any CPU
		{58416666-09FD-4033-BD10-D0A025BFF268}.CD_ROM|Any CPU.ActiveCfg = Release|Any CPU
		{58416666-09FD-4033-BD10-D0A025BFF268}.CD_ROM|Any CPU.Build.0 = Release|Any CPU
		{58416666-09FD-4033-BD10-D0A025BFF268}.CD_ROM|x86.ActiveCfg = Debug|Any CPU
		{58416666-09FD-4033-BD10-D0A025BFF268}.Debug|Any CPU.ActiveCfg = Debug|Any CPU
		{58416666-09FD-4033-BD10-D0A025BFF268}.Debug|Any CPU.Build.0 = Debug|Any CPU
		{58416666-09FD-4033-BD10-D0A025BFF268}.Debug|x86.ActiveCfg = Debug|Any CPU
		{58416666-09FD-4033-BD10-D0A025BFF268}.DVD-5|Any CPU.ActiveCfg = Debug|Any CPU
		{58416666-09FD-4033-BD10-D0A025BFF268}.DVD-5|Any CPU.Build.0 = Debug|Any CPU
		{58416666-09FD-4033-BD10-D0A025BFF268}.DVD-5|x86.ActiveCfg = Debug|Any CPU
		{58416666-09FD-4033-BD10-D0A025BFF268}.Release|Any CPU.ActiveCfg = Release|Any CPU
		{58416666-09FD-4033-BD10-D0A025BFF268}.Release|Any CPU.Build.0 = Release|Any CPU
		{58416666-09FD-4033-BD10-D0A025BFF268}.Release|x86.ActiveCfg = Release|Any CPU
		{58416666-09FD-4033-BD10-D0A025BFF268}.SingleImage|Any CPU.ActiveCfg = Release|Any CPU
		{58416666-09FD-4033-BD10-D0A025BFF268}.SingleImage|Any CPU.Build.0 = Release|Any CPU
		{58416666-09FD-4033-BD10-D0A025BFF268}.SingleImage|x86.ActiveCfg = Debug|Any CPU
		{4C18A7FE-78AD-42D9-80B6-6D1975E2D964}.CD_ROM|Any CPU.ActiveCfg = Release
		{4C18A7FE-78AD-42D9-80B6-6D1975E2D964}.CD_ROM|Any CPU.Build.0 = Release
		{4C18A7FE-78AD-42D9-80B6-6D1975E2D964}.CD_ROM|x86.ActiveCfg = Release
		{4C18A7FE-78AD-42D9-80B6-6D1975E2D964}.CD_ROM|x86.Build.0 = Release
		{4C18A7FE-78AD-42D9-80B6-6D1975E2D964}.Debug|Any CPU.ActiveCfg = Debug
		{4C18A7FE-78AD-42D9-80B6-6D1975E2D964}.Debug|Any CPU.Build.0 = Debug
		{4C18A7FE-78AD-42D9-80B6-6D1975E2D964}.Debug|x86.ActiveCfg = Debug
		{4C18A7FE-78AD-42D9-80B6-6D1975E2D964}.Debug|x86.Build.0 = Debug
		{4C18A7FE-78AD-42D9-80B6-6D1975E2D964}.DVD-5|Any CPU.ActiveCfg = Debug
		{4C18A7FE-78AD-42D9-80B6-6D1975E2D964}.DVD-5|Any CPU.Build.0 = Debug
		{4C18A7FE-78AD-42D9-80B6-6D1975E2D964}.DVD-5|x86.ActiveCfg = Debug
		{4C18A7FE-78AD-42D9-80B6-6D1975E2D964}.DVD-5|x86.Build.0 = Debug
		{4C18A7FE-78AD-42D9-80B6-6D1975E2D964}.Release|Any CPU.ActiveCfg = Release
		{4C18A7FE-78AD-42D9-80B6-6D1975E2D964}.Release|Any CPU.Build.0 = Release
		{4C18A7FE-78AD-42D9-80B6-6D1975E2D964}.Release|x86.ActiveCfg = Release
		{4C18A7FE-78AD-42D9-80B6-6D1975E2D964}.Release|x86.Build.0 = Release
		{4C18A7FE-78AD-42D9-80B6-6D1975E2D964}.SingleImage|Any CPU.ActiveCfg = Release
		{4C18A7FE-78AD-42D9-80B6-6D1975E2D964}.SingleImage|Any CPU.Build.0 = Release
		{4C18A7FE-78AD-42D9-80B6-6D1975E2D964}.SingleImage|x86.ActiveCfg = Release
		{4C18A7FE-78AD-42D9-80B6-6D1975E2D964}.SingleImage|x86.Build.0 = Release
	EndGlobalSection
	GlobalSection(SolutionProperties) = preSolution
		HideSolutionNode = FALSE
	EndGlobalSection
	GlobalSection(ExtensibilityGlobals) = postSolution
		SolutionGuid = {E0CA40A4-0D5A-4D88-8A70-418DBAA4450B}
	EndGlobalSection
EndGlobal
